<Solution>
  <Project Path="TicketFlow.Bookings.Application/TicketFlow.Bookings.Application.csproj" />
  <Project Path="TicketFlow.Bookings.Domain/TicketFlow.Bookings.Domain.csproj" />
  <Project Path="TicketFlow.Bookings.Infrastructure/TicketFlow.Bookings.Infrastructure.csproj" />
  <Project Path="TicketFlow.Bookings.Presentation/TicketFlow.Bookings.Presentation.csproj" />
  <Project Path="TicketFlow.Domain/TicketFlow.Domain.csproj" />
  <Project Path="TicketFlow.Application/TicketFlow.Application.csproj" />
  <Project Path="TicketFlow.Events.Application/TicketFlow.Events.Application.csproj" />
  <Project Path="TicketFlow.Events.Domain/TicketFlow.Events.Domain.csproj" />
  <Project Path="TicketFlow.Events.Infrastructure/TicketFlow.Events.Infrastructure.csproj" />
  <Project Path="TicketFlow.Events.Presentation/TicketFlow.Events.Presentation.csproj" />
  <Project Path="TicketFlow.Infrastructure/TicketFlow.Infrastructure.csproj" />
  <Project Path="TicketFlow.Presentation/TicketFlow.Presentation.csproj" />
  <Project Path="TicketFlow.Tests/TicketFlow.Tests.csproj" />
  <Project Path="TicketFlow.IntegrationTests/TicketFlow.IntegrationTests.csproj" />
  <Project Path="TicketFlow.Users.Application/TicketFlow.Users.Application.csproj" />
  <Project Path="TicketFlow.Users.Domain/TicketFlow.Users.Domain.csproj" />
  <Project Path="TicketFlow.Users.Infrastructure/TicketFlow.Users.Infrastructure.csproj" />
  <Project Path="TicketFlow.Users.Presentation/TicketFlow.Users.Presentation.csproj" />
</Solution>
